// !$*UTF8*$!
{
	archiveVersion = 1;
	classes = {
	};
	objectVersion = 46;
	objects = {

/* Begin PBXBuildFile section */
		05267D99D1C383FD5F80E314 /* libPods-slotMachine.a in Frameworks */ = {isa = PBXBuildFile; fileRef = 4A4A3BB5C60432F0DD3C6DCE /* libPods-slotMachine.a */; };
		580CF39E1A46D0F400685841 /* LCError.m in Sources */ = {isa = PBXBuildFile; fileRef = 580CF39D1A46D0F400685841 /* LCError.m */; };
		580CF3A21A46D4B500685841 /* LCError.strings in Resources */ = {isa = PBXBuildFile; fileRef = 580CF3A11A46D4B500685841 /* LCError.strings */; };
		58116EF01A4721420099CE96 /* LCConstant.m in Sources */ = {isa = PBXBuildFile; fileRef = 58116EEF1A4721420099CE96 /* LCConstant.m */; };
		5812E9F21A4C550500B2598E /* HARegister.m in Sources */ = {isa = PBXBuildFile; fileRef = 5812E9F11A4C550500B2598E /* HARegister.m */; };
		5812E9F51A4C5F4900B2598E /* HAUser.m in Sources */ = {isa = PBXBuildFile; fileRef = 5812E9F41A4C5F4900B2598E /* HAUser.m */; };
		5812E9FB1A4C7EF400B2598E /* LCPayoutTask.m in Sources */ = {isa = PBXBuildFile; fileRef = 5812E9FA1A4C7EF400B2598E /* LCPayoutTask.m */; };
		58339EE01A6B9DBE008B1602 /* bgImageWin@2x.png in Resources */ = {isa = PBXBuildFile; fileRef = 58339EDF1A6B9DBE008B1602 /* bgImageWin@2x.png */; };
		5842319C1A48828A002E5FD5 /* LCSpin.m in Sources */ = {isa = PBXBuildFile; fileRef = 5842319B1A48828A002E5FD5 /* LCSpin.m */; };
		587A71AA1A432B09008283CD /* LCBaseTaskNetWork.m in Sources */ = {isa = PBXBuildFile; fileRef = 587A71A91A432B09008283CD /* LCBaseTaskNetWork.m */; };
		587A71AD1A4334BD008283CD /* LCCheckVersionTask.m in Sources */ = {isa = PBXBuildFile; fileRef = 587A71AC1A4334BD008283CD /* LCCheckVersionTask.m */; };
		587A71B01A433547008283CD /* LCSplashViewController.m in Sources */ = {isa = PBXBuildFile; fileRef = 587A71AF1A433547008283CD /* LCSplashViewController.m */; };
		587A71B31A4338D9008283CD /* LCNetworkConfig.m in Sources */ = {isa = PBXBuildFile; fileRef = 587A71B21A4338D9008283CD /* LCNetworkConfig.m */; };
		587A71B61A433BD4008283CD /* LCRegisterTask.m in Sources */ = {isa = PBXBuildFile; fileRef = 587A71B51A433BD4008283CD /* LCRegisterTask.m */; };
		587A71B91A433C37008283CD /* LCGetFreeCoin.m in Sources */ = {isa = PBXBuildFile; fileRef = 587A71B81A433C37008283CD /* LCGetFreeCoin.m */; };
		587A71BC1A433CCC008283CD /* LCPurChaseTask.m in Sources */ = {isa = PBXBuildFile; fileRef = 587A71BB1A433CCC008283CD /* LCPurChaseTask.m */; };
		587A71BF1A433DB8008283CD /* LCGetHistoryTask.m in Sources */ = {isa = PBXBuildFile; fileRef = 587A71BE1A433DB8008283CD /* LCGetHistoryTask.m */; };
		587A71C21A433E01008283CD /* LCGetUserInfo.m in Sources */ = {isa = PBXBuildFile; fileRef = 587A71C11A433E01008283CD /* LCGetUserInfo.m */; };
		587A71C51A433E1D008283CD /* LCDoSpin.m in Sources */ = {isa = PBXBuildFile; fileRef = 587A71C41A433E1D008283CD /* LCDoSpin.m */; };
		587A71C81A4349C8008283CD /* LCDownloadTask.m in Sources */ = {isa = PBXBuildFile; fileRef = 587A71C71A4349C8008283CD /* LCDownloadTask.m */; };
		588D8C641A66E0BF00CBA31B /* LCFreeCoinView.m in Sources */ = {isa = PBXBuildFile; fileRef = 588D8C631A66E0BF00CBA31B /* LCFreeCoinView.m */; };
		588D8C661A66E3F800CBA31B /* bgFreeCoin@2x.png in Resources */ = {isa = PBXBuildFile; fileRef = 588D8C651A66E3F800CBA31B /* bgFreeCoin@2x.png */; };
		588D8C681A66E80800CBA31B /* btnClaim@2x.png in Resources */ = {isa = PBXBuildFile; fileRef = 588D8C671A66E80800CBA31B /* btnClaim@2x.png */; };
		588D8C6A1A66E80F00CBA31B /* btnCloseFreeCon@2x.png in Resources */ = {isa = PBXBuildFile; fileRef = 588D8C691A66E80F00CBA31B /* btnCloseFreeCon@2x.png */; };
		58A837121A4B2B8400D46F8F /* LCHistory.m in Sources */ = {isa = PBXBuildFile; fileRef = 58A837111A4B2B8400D46F8F /* LCHistory.m */; };
		58BA6DD61A3D3A0B005E9F3B /* Foundation.framework in Frameworks */ = {isa = PBXBuildFile; fileRef = 58BA6DD51A3D3A0B005E9F3B /* Foundation.framework */; };
		58BA6DD81A3D3A0B005E9F3B /* CoreGraphics.framework in Frameworks */ = {isa = PBXBuildFile; fileRef = 58BA6DD71A3D3A0B005E9F3B /* CoreGraphics.framework */; };
		58BA6DDA1A3D3A0B005E9F3B /* UIKit.framework in Frameworks */ = {isa = PBXBuildFile; fileRef = 58BA6DD91A3D3A0B005E9F3B /* UIKit.framework */; };
		58BA6DDC1A3D3A0B005E9F3B /* SpriteKit.framework in Frameworks */ = {isa = PBXBuildFile; fileRef = 58BA6DDB1A3D3A0B005E9F3B /* SpriteKit.framework */; };
		58BA6DE21A3D3A0B005E9F3B /* InfoPlist.strings in Resources */ = {isa = PBXBuildFile; fileRef = 58BA6DE01A3D3A0B005E9F3B /* InfoPlist.strings */; };
		58BA6DE41A3D3A0B005E9F3B /* main.m in Sources */ = {isa = PBXBuildFile; fileRef = 58BA6DE31A3D3A0B005E9F3B /* main.m */; };
		58BA6DE81A3D3A0B005E9F3B /* LCAppDelegate.m in Sources */ = {isa = PBXBuildFile; fileRef = 58BA6DE71A3D3A0B005E9F3B /* LCAppDelegate.m */; };
		58BA6DEB1A3D3A0B005E9F3B /* Main.storyboard in Resources */ = {isa = PBXBuildFile; fileRef = 58BA6DE91A3D3A0B005E9F3B /* Main.storyboard */; };
		58BA6DEE1A3D3A0B005E9F3B /* LCViewController.m in Sources */ = {isa = PBXBuildFile; fileRef = 58BA6DED1A3D3A0B005E9F3B /* LCViewController.m */; };
		58BA6DF11A3D3A0B005E9F3B /* LCMyScene.m in Sources */ = {isa = PBXBuildFile; fileRef = 58BA6DF01A3D3A0B005E9F3B /* LCMyScene.m */; };
		58BA6DF51A3D3A0B005E9F3B /* Images.xcassets in Resources */ = {isa = PBXBuildFile; fileRef = 58BA6DF41A3D3A0B005E9F3B /* Images.xcassets */; };
		58BA6DFC1A3D3A0C005E9F3B /* XCTest.framework in Frameworks */ = {isa = PBXBuildFile; fileRef = 58BA6DFB1A3D3A0C005E9F3B /* XCTest.framework */; };
		58BA6DFD1A3D3A0C005E9F3B /* Foundation.framework in Frameworks */ = {isa = PBXBuildFile; fileRef = 58BA6DD51A3D3A0B005E9F3B /* Foundation.framework */; };
		58BA6DFE1A3D3A0C005E9F3B /* UIKit.framework in Frameworks */ = {isa = PBXBuildFile; fileRef = 58BA6DD91A3D3A0B005E9F3B /* UIKit.framework */; };
		58BA6E061A3D3A0C005E9F3B /* InfoPlist.strings in Resources */ = {isa = PBXBuildFile; fileRef = 58BA6E041A3D3A0C005E9F3B /* InfoPlist.strings */; };
		58BA6E081A3D3A0C005E9F3B /* slotMachineTests.m in Sources */ = {isa = PBXBuildFile; fileRef = 58BA6E071A3D3A0C005E9F3B /* slotMachineTests.m */; };
		58BA6E131A3D3B62005E9F3B /* LCVeticalCell.m in Sources */ = {isa = PBXBuildFile; fileRef = 58BA6E121A3D3B62005E9F3B /* LCVeticalCell.m */; };
		58BA6E181A3D3B78005E9F3B /* SKNode+Frame.m in Sources */ = {isa = PBXBuildFile; fileRef = 58BA6E151A3D3B78005E9F3B /* SKNode+Frame.m */; };
		58BA6E191A3D3B78005E9F3B /* UIView+Frame.m in Sources */ = {isa = PBXBuildFile; fileRef = 58BA6E171A3D3B78005E9F3B /* UIView+Frame.m */; };
		58BA6E1C1A3D3C40005E9F3B /* Utils.m in Sources */ = {isa = PBXBuildFile; fileRef = 58BA6E1B1A3D3C40005E9F3B /* Utils.m */; };
		58BA6E291A3D3C6D005E9F3B /* UIPopupView.m in Sources */ = {isa = PBXBuildFile; fileRef = 58BA6E1E1A3D3C6D005E9F3B /* UIPopupView.m */; };
		58BA6E2A1A3D3C6D005E9F3B /* UIBuyGoldVIew.m in Sources */ = {isa = PBXBuildFile; fileRef = 58BA6E201A3D3C6D005E9F3B /* UIBuyGoldVIew.m */; };
		58BA6E2B1A3D3C6D005E9F3B /* UIPayoutView.m in Sources */ = {isa = PBXBuildFile; fileRef = 58BA6E221A3D3C6D005E9F3B /* UIPayoutView.m */; };
		58BA6E2C1A3D3C6D005E9F3B /* BuyGoldTableViewCell.m in Sources */ = {isa = PBXBuildFile; fileRef = 58BA6E241A3D3C6D005E9F3B /* BuyGoldTableViewCell.m */; };
		58BA6E2D1A3D3C6D005E9F3B /* HistoryTableViewCell.m in Sources */ = {isa = PBXBuildFile; fileRef = 58BA6E261A3D3C6D005E9F3B /* HistoryTableViewCell.m */; };
		58BA6E2E1A3D3C6D005E9F3B /* UIHistoryView.m in Sources */ = {isa = PBXBuildFile; fileRef = 58BA6E281A3D3C6D005E9F3B /* UIHistoryView.m */; };
		58BA6E531A3D3D83005E9F3B /* bgTxtAmount@2x.png in Resources */ = {isa = PBXBuildFile; fileRef = 58BA6E331A3D3D83005E9F3B /* bgTxtAmount@2x.png */; };
		58BA6E541A3D3D83005E9F3B /* bgTxtPaypalAcc@2x.png in Resources */ = {isa = PBXBuildFile; fileRef = 58BA6E341A3D3D83005E9F3B /* bgTxtPaypalAcc@2x.png */; };
		58BA6E551A3D3D83005E9F3B /* bg@2x.png in Resources */ = {isa = PBXBuildFile; fileRef = 58BA6E351A3D3D83005E9F3B /* bg@2x.png */; };
		58BA6E561A3D3D83005E9F3B /* bgRequest@2x.png in Resources */ = {isa = PBXBuildFile; fileRef = 58BA6E361A3D3D83005E9F3B /* bgRequest@2x.png */; };
		58BA6E571A3D3D83005E9F3B /* bgBet@2x.png in Resources */ = {isa = PBXBuildFile; fileRef = 58BA6E371A3D3D83005E9F3B /* bgBet@2x.png */; };
		58BA6E581A3D3D83005E9F3B /* bgCenterMachine@2x.png in Resources */ = {isa = PBXBuildFile; fileRef = 58BA6E381A3D3D83005E9F3B /* bgCenterMachine@2x.png */; };
		58BA6E591A3D3D83005E9F3B /* bgHeader@2x.png in Resources */ = {isa = PBXBuildFile; fileRef = 58BA6E391A3D3D83005E9F3B /* bgHeader@2x.png */; };
		58BA6E5A1A3D3D83005E9F3B /* bgLeft@2x.png in Resources */ = {isa = PBXBuildFile; fileRef = 58BA6E3A1A3D3D83005E9F3B /* bgLeft@2x.png */; };
		58BA6E5B1A3D3D83005E9F3B /* bgMachine@2x.png in Resources */ = {isa = PBXBuildFile; fileRef = 58BA6E3B1A3D3D83005E9F3B /* bgMachine@2x.png */; };
		58BA6E5C1A3D3D83005E9F3B /* bgMaxBet@2x.png in Resources */ = {isa = PBXBuildFile; fileRef = 58BA6E3C1A3D3D83005E9F3B /* bgMaxBet@2x.png */; };
		58BA6E5D1A3D3D83005E9F3B /* bgMoney@2x.png in Resources */ = {isa = PBXBuildFile; fileRef = 58BA6E3D1A3D3D83005E9F3B /* bgMoney@2x.png */; };
		58BA6E5E1A3D3D83005E9F3B /* bgRight@2x.png in Resources */ = {isa = PBXBuildFile; fileRef = 58BA6E3E1A3D3D83005E9F3B /* bgRight@2x.png */; };
		58BA6E5F1A3D3D83005E9F3B /* bgWin@2x.png in Resources */ = {isa = PBXBuildFile; fileRef = 58BA6E3F1A3D3D83005E9F3B /* bgWin@2x.png */; };
		58BA6E601A3D3D83005E9F3B /* btnBet@2x.png in Resources */ = {isa = PBXBuildFile; fileRef = 58BA6E401A3D3D83005E9F3B /* btnBet@2x.png */; };
		58BA6E611A3D3D83005E9F3B /* btnBuy@2x.png in Resources */ = {isa = PBXBuildFile; fileRef = 58BA6E411A3D3D83005E9F3B /* btnBuy@2x.png */; };
		58BA6E621A3D3D83005E9F3B /* btnHistory@2x.png in Resources */ = {isa = PBXBuildFile; fileRef = 58BA6E421A3D3D83005E9F3B /* btnHistory@2x.png */; };
		58BA6E631A3D3D83005E9F3B /* btnMaxBet@2x.png in Resources */ = {isa = PBXBuildFile; fileRef = 58BA6E431A3D3D83005E9F3B /* btnMaxBet@2x.png */; };
		58BA6E641A3D3D83005E9F3B /* btnPayout@2x.png in Resources */ = {isa = PBXBuildFile; fileRef = 58BA6E441A3D3D83005E9F3B /* btnPayout@2x.png */; };
		58BA6E651A3D3D83005E9F3B /* btnFreeCoin@2x.png in Resources */ = {isa = PBXBuildFile; fileRef = 58BA6E451A3D3D83005E9F3B /* btnFreeCoin@2x.png */; };
		58BA6E661A3D3D83005E9F3B /* btnShop@2x.png in Resources */ = {isa = PBXBuildFile; fileRef = 58BA6E461A3D3D83005E9F3B /* btnShop@2x.png */; };
		58BA6E671A3D3D83005E9F3B /* btnSpin@2x.png in Resources */ = {isa = PBXBuildFile; fileRef = 58BA6E471A3D3D83005E9F3B /* btnSpin@2x.png */; };
		58BA6E681A3D3D83005E9F3B /* Default-568h@2x.png in Resources */ = {isa = PBXBuildFile; fileRef = 58BA6E481A3D3D83005E9F3B /* Default-568h@2x.png */; };
		58BA6E691A3D3D83005E9F3B /* jackPot0@2x.png in Resources */ = {isa = PBXBuildFile; fileRef = 58BA6E491A3D3D83005E9F3B /* jackPot0@2x.png */; };
		58BA6E6A1A3D3D83005E9F3B /* jackPot1@2x.png in Resources */ = {isa = PBXBuildFile; fileRef = 58BA6E4A1A3D3D83005E9F3B /* jackPot1@2x.png */; };
		58BA6E6B1A3D3D83005E9F3B /* jackPot2@2x.png in Resources */ = {isa = PBXBuildFile; fileRef = 58BA6E4B1A3D3D83005E9F3B /* jackPot2@2x.png */; };
		58BA6E6C1A3D3D83005E9F3B /* jackPot3@2x.png in Resources */ = {isa = PBXBuildFile; fileRef = 58BA6E4C1A3D3D83005E9F3B /* jackPot3@2x.png */; };
		58BA6E6D1A3D3D83005E9F3B /* btnClose@2x.png in Resources */ = {isa = PBXBuildFile; fileRef = 58BA6E4D1A3D3D83005E9F3B /* btnClose@2x.png */; };
		58BA6E6E1A3D3D83005E9F3B /* bgPopupView@2x.png in Resources */ = {isa = PBXBuildFile; fileRef = 58BA6E4E1A3D3D83005E9F3B /* bgPopupView@2x.png */; };
		58BA6E6F1A3D3D83005E9F3B /* bgBuyGoldCell@2x.png in Resources */ = {isa = PBXBuildFile; fileRef = 58BA6E4F1A3D3D83005E9F3B /* bgBuyGoldCell@2x.png */; };
		58BA6E701A3D3D83005E9F3B /* btnBuyGold@2x.png in Resources */ = {isa = PBXBuildFile; fileRef = 58BA6E501A3D3D83005E9F3B /* btnBuyGold@2x.png */; };
		58BA6E711A3D3D83005E9F3B /* icGold@2x.png in Resources */ = {isa = PBXBuildFile; fileRef = 58BA6E511A3D3D83005E9F3B /* icGold@2x.png */; };
		58C358421A6428C20070A35A /* NO_DATA.jpg in Resources */ = {isa = PBXBuildFile; fileRef = 58C358411A6428C20070A35A /* NO_DATA.jpg */; };
		58E3B3231A46F7C1007C8EB5 /* Default.plist in Resources */ = {isa = PBXBuildFile; fileRef = 58E3B3221A46F7C1007C8EB5 /* Default.plist */; };
		58EBA3111A657C480019DAB1 /* LCShippingAddress.m in Sources */ = {isa = PBXBuildFile; fileRef = 58EBA3101A657C480019DAB1 /* LCShippingAddress.m */; };
		58EBA3131A6581420019DAB1 /* Oswald-Bold.ttf in Resources */ = {isa = PBXBuildFile; fileRef = 58EBA3121A6581420019DAB1 /* Oswald-Bold.ttf */; };
		58EBA3151A6585950019DAB1 /* avantgarde-bold.ttf in Resources */ = {isa = PBXBuildFile; fileRef = 58EBA3141A6585950019DAB1 /* avantgarde-bold.ttf */; };
		58EBA3171A6589320019DAB1 /* bgTxt@2x.png in Resources */ = {isa = PBXBuildFile; fileRef = 58EBA3161A6589320019DAB1 /* bgTxt@2x.png */; };
		58EBA3191A6590030019DAB1 /* btnSubmit@2x.png in Resources */ = {isa = PBXBuildFile; fileRef = 58EBA3181A6590030019DAB1 /* btnSubmit@2x.png */; };
		6E3025101A4D01A3000A9A1C /* LCUser.m in Sources */ = {isa = PBXBuildFile; fileRef = 6E30250F1A4D01A3000A9A1C /* LCUser.m */; };
		6E3025131A4D0483000A9A1C /* LCRegister.m in Sources */ = {isa = PBXBuildFile; fileRef = 6E3025121A4D0483000A9A1C /* LCRegister.m */; };
		6E8B877C1A5E32AF002B960D /* LCItem.m in Sources */ = {isa = PBXBuildFile; fileRef = 6E8B877B1A5E32AF002B960D /* LCItem.m */; };
		6EAE18381A4BC2E100329A2F /* LCGetTablePurchaseTask.m in Sources */ = {isa = PBXBuildFile; fileRef = 6EAE18371A4BC2E100329A2F /* LCGetTablePurchaseTask.m */; };
		6EAE183B1A4BF00800329A2F /* LCTablePurchase.m in Sources */ = {isa = PBXBuildFile; fileRef = 6EAE183A1A4BF00800329A2F /* LCTablePurchase.m */; };
		6EE9C4B01A4AAB0C001E18E7 /* LCSetting.m in Sources */ = {isa = PBXBuildFile; fileRef = 6EE9C4AF1A4AAB0C001E18E7 /* LCSetting.m */; };
		6EE9C4B31A4AAC7E001E18E7 /* LCFileManager.m in Sources */ = {isa = PBXBuildFile; fileRef = 6EE9C4B21A4AAC7E001E18E7 /* LCFileManager.m */; };
		6EE9C4B61A4AB87A001E18E7 /* LCCheckVersion.m in Sources */ = {isa = PBXBuildFile; fileRef = 6EE9C4B51A4AB87A001E18E7 /* LCCheckVersion.m */; };
/* End PBXBuildFile section */

/* Begin PBXContainerItemProxy section */
		58BA6DFF1A3D3A0C005E9F3B /* PBXContainerItemProxy */ = {
			isa = PBXContainerItemProxy;
			containerPortal = 58BA6DCA1A3D3A0B005E9F3B /* Project object */;
			proxyType = 1;
			remoteGlobalIDString = 58BA6DD11A3D3A0B005E9F3B;
			remoteInfo = slotMachine;
		};
/* End PBXContainerItemProxy section */

/* Begin PBXFileReference section */
		07477775B03E16551E79F41B /* Pods-slotMachine.debug.xcconfig */ = {isa = PBXFileReference; includeInIndex = 1; lastKnownFileType = text.xcconfig; name = "Pods-slotMachine.debug.xcconfig"; path = "Pods/Target Support Files/Pods-slotMachine/Pods-slotMachine.debug.xcconfig"; sourceTree = "<group>"; };
		4A4A3BB5C60432F0DD3C6DCE /* libPods-slotMachine.a */ = {isa = PBXFileReference; explicitFileType = archive.ar; includeInIndex = 0; path = "libPods-slotMachine.a"; sourceTree = BUILT_PRODUCTS_DIR; };
		580CF39C1A46D0F400685841 /* LCError.h */ = {isa = PBXFileReference; fileEncoding = 4; lastKnownFileType = sourcecode.c.h; path = LCError.h; sourceTree = "<group>"; };
		580CF39D1A46D0F400685841 /* LCError.m */ = {isa = PBXFileReference; fileEncoding = 4; lastKnownFileType = sourcecode.c.objc; path = LCError.m; sourceTree = "<group>"; };
		580CF3A11A46D4B500685841 /* LCError.strings */ = {isa = PBXFileReference; fileEncoding = 4; lastKnownFileType = text.plist.strings; path = LCError.strings; sourceTree = "<group>"; };
		58116EEE1A4721420099CE96 /* LCConstant.h */ = {isa = PBXFileReference; fileEncoding = 4; lastKnownFileType = sourcecode.c.h; path = LCConstant.h; sourceTree = "<group>"; };
		58116EEF1A4721420099CE96 /* LCConstant.m */ = {isa = PBXFileReference; fileEncoding = 4; lastKnownFileType = sourcecode.c.objc; path = LCConstant.m; sourceTree = "<group>"; };
		5812E9F01A4C550500B2598E /* HARegister.h */ = {isa = PBXFileReference; fileEncoding = 4; lastKnownFileType = sourcecode.c.h; path = HARegister.h; sourceTree = "<group>"; };
		5812E9F11A4C550500B2598E /* HARegister.m */ = {isa = PBXFileReference; fileEncoding = 4; lastKnownFileType = sourcecode.c.objc; path = HARegister.m; sourceTree = "<group>"; };
		5812E9F31A4C5F4900B2598E /* HAUser.h */ = {isa = PBXFileReference; fileEncoding = 4; lastKnownFileType = sourcecode.c.h; path = HAUser.h; sourceTree = "<group>"; };
		5812E9F41A4C5F4900B2598E /* HAUser.m */ = {isa = PBXFileReference; fileEncoding = 4; lastKnownFileType = sourcecode.c.objc; path = HAUser.m; sourceTree = "<group>"; };
		5812E9F91A4C7EF400B2598E /* LCPayoutTask.h */ = {isa = PBXFileReference; fileEncoding = 4; lastKnownFileType = sourcecode.c.h; path = LCPayoutTask.h; sourceTree = "<group>"; };
		5812E9FA1A4C7EF400B2598E /* LCPayoutTask.m */ = {isa = PBXFileReference; fileEncoding = 4; lastKnownFileType = sourcecode.c.objc; path = LCPayoutTask.m; sourceTree = "<group>"; };
		58339EDF1A6B9DBE008B1602 /* bgImageWin@2x.png */ = {isa = PBXFileReference; lastKnownFileType = image.png; path = "bgImageWin@2x.png"; sourceTree = "<group>"; };
		5842319A1A48828A002E5FD5 /* LCSpin.h */ = {isa = PBXFileReference; fileEncoding = 4; lastKnownFileType = sourcecode.c.h; path = LCSpin.h; sourceTree = "<group>"; };
		5842319B1A48828A002E5FD5 /* LCSpin.m */ = {isa = PBXFileReference; fileEncoding = 4; lastKnownFileType = sourcecode.c.objc; path = LCSpin.m; sourceTree = "<group>"; };
		587A71A81A432B09008283CD /* LCBaseTaskNetWork.h */ = {isa = PBXFileReference; fileEncoding = 4; lastKnownFileType = sourcecode.c.h; path = LCBaseTaskNetWork.h; sourceTree = "<group>"; };
		587A71A91A432B09008283CD /* LCBaseTaskNetWork.m */ = {isa = PBXFileReference; fileEncoding = 4; lastKnownFileType = sourcecode.c.objc; path = LCBaseTaskNetWork.m; sourceTree = "<group>"; };
		587A71AB1A4334BD008283CD /* LCCheckVersionTask.h */ = {isa = PBXFileReference; fileEncoding = 4; lastKnownFileType = sourcecode.c.h; path = LCCheckVersionTask.h; sourceTree = "<group>"; };
		587A71AC1A4334BD008283CD /* LCCheckVersionTask.m */ = {isa = PBXFileReference; fileEncoding = 4; lastKnownFileType = sourcecode.c.objc; path = LCCheckVersionTask.m; sourceTree = "<group>"; };
		587A71AE1A433547008283CD /* LCSplashViewController.h */ = {isa = PBXFileReference; fileEncoding = 4; lastKnownFileType = sourcecode.c.h; path = LCSplashViewController.h; sourceTree = "<group>"; };
		587A71AF1A433547008283CD /* LCSplashViewController.m */ = {isa = PBXFileReference; fileEncoding = 4; lastKnownFileType = sourcecode.c.objc; path = LCSplashViewController.m; sourceTree = "<group>"; };
		587A71B11A4338D9008283CD /* LCNetworkConfig.h */ = {isa = PBXFileReference; fileEncoding = 4; lastKnownFileType = sourcecode.c.h; path = LCNetworkConfig.h; sourceTree = "<group>"; };
		587A71B21A4338D9008283CD /* LCNetworkConfig.m */ = {isa = PBXFileReference; fileEncoding = 4; lastKnownFileType = sourcecode.c.objc; path = LCNetworkConfig.m; sourceTree = "<group>"; };
		587A71B41A433BD4008283CD /* LCRegisterTask.h */ = {isa = PBXFileReference; fileEncoding = 4; lastKnownFileType = sourcecode.c.h; path = LCRegisterTask.h; sourceTree = "<group>"; };
		587A71B51A433BD4008283CD /* LCRegisterTask.m */ = {isa = PBXFileReference; fileEncoding = 4; lastKnownFileType = sourcecode.c.objc; path = LCRegisterTask.m; sourceTree = "<group>"; };
		587A71B71A433C37008283CD /* LCGetFreeCoin.h */ = {isa = PBXFileReference; fileEncoding = 4; lastKnownFileType = sourcecode.c.h; path = LCGetFreeCoin.h; sourceTree = "<group>"; };
		587A71B81A433C37008283CD /* LCGetFreeCoin.m */ = {isa = PBXFileReference; fileEncoding = 4; lastKnownFileType = sourcecode.c.objc; path = LCGetFreeCoin.m; sourceTree = "<group>"; };
		587A71BA1A433CCC008283CD /* LCPurChaseTask.h */ = {isa = PBXFileReference; fileEncoding = 4; lastKnownFileType = sourcecode.c.h; path = LCPurChaseTask.h; sourceTree = "<group>"; };
		587A71BB1A433CCC008283CD /* LCPurChaseTask.m */ = {isa = PBXFileReference; fileEncoding = 4; lastKnownFileType = sourcecode.c.objc; path = LCPurChaseTask.m; sourceTree = "<group>"; };
		587A71BD1A433DB8008283CD /* LCGetHistoryTask.h */ = {isa = PBXFileReference; fileEncoding = 4; lastKnownFileType = sourcecode.c.h; path = LCGetHistoryTask.h; sourceTree = "<group>"; };
		587A71BE1A433DB8008283CD /* LCGetHistoryTask.m */ = {isa = PBXFileReference; fileEncoding = 4; lastKnownFileType = sourcecode.c.objc; path = LCGetHistoryTask.m; sourceTree = "<group>"; };
		587A71C01A433E01008283CD /* LCGetUserInfo.h */ = {isa = PBXFileReference; fileEncoding = 4; lastKnownFileType = sourcecode.c.h; path = LCGetUserInfo.h; sourceTree = "<group>"; };
		587A71C11A433E01008283CD /* LCGetUserInfo.m */ = {isa = PBXFileReference; fileEncoding = 4; lastKnownFileType = sourcecode.c.objc; path = LCGetUserInfo.m; sourceTree = "<group>"; };
		587A71C31A433E1D008283CD /* LCDoSpin.h */ = {isa = PBXFileReference; fileEncoding = 4; lastKnownFileType = sourcecode.c.h; path = LCDoSpin.h; sourceTree = "<group>"; };
		587A71C41A433E1D008283CD /* LCDoSpin.m */ = {isa = PBXFileReference; fileEncoding = 4; lastKnownFileType = sourcecode.c.objc; path = LCDoSpin.m; sourceTree = "<group>"; };
		587A71C61A4349C8008283CD /* LCDownloadTask.h */ = {isa = PBXFileReference; fileEncoding = 4; lastKnownFileType = sourcecode.c.h; path = LCDownloadTask.h; sourceTree = "<group>"; };
		587A71C71A4349C8008283CD /* LCDownloadTask.m */ = {isa = PBXFileReference; fileEncoding = 4; lastKnownFileType = sourcecode.c.objc; path = LCDownloadTask.m; sourceTree = "<group>"; };
		588D8C621A66E0BF00CBA31B /* LCFreeCoinView.h */ = {isa = PBXFileReference; fileEncoding = 4; lastKnownFileType = sourcecode.c.h; path = LCFreeCoinView.h; sourceTree = "<group>"; };
		588D8C631A66E0BF00CBA31B /* LCFreeCoinView.m */ = {isa = PBXFileReference; fileEncoding = 4; lastKnownFileType = sourcecode.c.objc; path = LCFreeCoinView.m; sourceTree = "<group>"; };
		588D8C651A66E3F800CBA31B /* bgFreeCoin@2x.png */ = {isa = PBXFileReference; lastKnownFileType = image.png; path = "bgFreeCoin@2x.png"; sourceTree = "<group>"; };
		588D8C671A66E80800CBA31B /* btnClaim@2x.png */ = {isa = PBXFileReference; lastKnownFileType = image.png; path = "btnClaim@2x.png"; sourceTree = "<group>"; };
		588D8C691A66E80F00CBA31B /* btnCloseFreeCon@2x.png */ = {isa = PBXFileReference; lastKnownFileType = image.png; path = "btnCloseFreeCon@2x.png"; sourceTree = "<group>"; };
		58A837101A4B2B8400D46F8F /* LCHistory.h */ = {isa = PBXFileReference; fileEncoding = 4; lastKnownFileType = sourcecode.c.h; path = LCHistory.h; sourceTree = "<group>"; };
		58A837111A4B2B8400D46F8F /* LCHistory.m */ = {isa = PBXFileReference; fileEncoding = 4; lastKnownFileType = sourcecode.c.objc; path = LCHistory.m; sourceTree = "<group>"; };
		58BA6DD21A3D3A0B005E9F3B /* slotMachine.app */ = {isa = PBXFileReference; explicitFileType = wrapper.application; includeInIndex = 0; path = slotMachine.app; sourceTree = BUILT_PRODUCTS_DIR; };
		58BA6DD51A3D3A0B005E9F3B /* Foundation.framework */ = {isa = PBXFileReference; lastKnownFileType = wrapper.framework; name = Foundation.framework; path = System/Library/Frameworks/Foundation.framework; sourceTree = SDKROOT; };
		58BA6DD71A3D3A0B005E9F3B /* CoreGraphics.framework */ = {isa = PBXFileReference; lastKnownFileType = wrapper.framework; name = CoreGraphics.framework; path = System/Library/Frameworks/CoreGraphics.framework; sourceTree = SDKROOT; };
		58BA6DD91A3D3A0B005E9F3B /* UIKit.framework */ = {isa = PBXFileReference; lastKnownFileType = wrapper.framework; name = UIKit.framework; path = System/Library/Frameworks/UIKit.framework; sourceTree = SDKROOT; };
		58BA6DDB1A3D3A0B005E9F3B /* SpriteKit.framework */ = {isa = PBXFileReference; lastKnownFileType = wrapper.framework; name = SpriteKit.framework; path = System/Library/Frameworks/SpriteKit.framework; sourceTree = SDKROOT; };
		58BA6DDF1A3D3A0B005E9F3B /* slotMachine-Info.plist */ = {isa = PBXFileReference; lastKnownFileType = text.plist.xml; path = "slotMachine-Info.plist"; sourceTree = "<group>"; };
		58BA6DE11A3D3A0B005E9F3B /* en */ = {isa = PBXFileReference; lastKnownFileType = text.plist.strings; name = en; path = en.lproj/InfoPlist.strings; sourceTree = "<group>"; };
		58BA6DE31A3D3A0B005E9F3B /* main.m */ = {isa = PBXFileReference; lastKnownFileType = sourcecode.c.objc; path = main.m; sourceTree = "<group>"; };
		58BA6DE51A3D3A0B005E9F3B /* slotMachine-Prefix.pch */ = {isa = PBXFileReference; lastKnownFileType = sourcecode.c.h; path = "slotMachine-Prefix.pch"; sourceTree = "<group>"; };
		58BA6DE61A3D3A0B005E9F3B /* LCAppDelegate.h */ = {isa = PBXFileReference; lastKnownFileType = sourcecode.c.h; path = LCAppDelegate.h; sourceTree = "<group>"; };
		58BA6DE71A3D3A0B005E9F3B /* LCAppDelegate.m */ = {isa = PBXFileReference; lastKnownFileType = sourcecode.c.objc; path = LCAppDelegate.m; sourceTree = "<group>"; };
		58BA6DEA1A3D3A0B005E9F3B /* Base */ = {isa = PBXFileReference; lastKnownFileType = file.storyboard; name = Base; path = Base.lproj/Main.storyboard; sourceTree = "<group>"; };
		58BA6DEC1A3D3A0B005E9F3B /* LCViewController.h */ = {isa = PBXFileReference; lastKnownFileType = sourcecode.c.h; path = LCViewController.h; sourceTree = "<group>"; };
		58BA6DED1A3D3A0B005E9F3B /* LCViewController.m */ = {isa = PBXFileReference; lastKnownFileType = sourcecode.c.objc; path = LCViewController.m; sourceTree = "<group>"; };
		58BA6DEF1A3D3A0B005E9F3B /* LCMyScene.h */ = {isa = PBXFileReference; lastKnownFileType = sourcecode.c.h; path = LCMyScene.h; sourceTree = "<group>"; };
		58BA6DF01A3D3A0B005E9F3B /* LCMyScene.m */ = {isa = PBXFileReference; lastKnownFileType = sourcecode.c.objc; path = LCMyScene.m; sourceTree = "<group>"; };
		58BA6DF41A3D3A0B005E9F3B /* Images.xcassets */ = {isa = PBXFileReference; lastKnownFileType = folder.assetcatalog; path = Images.xcassets; sourceTree = "<group>"; };
		58BA6DFA1A3D3A0C005E9F3B /* slotMachineTests.xctest */ = {isa = PBXFileReference; explicitFileType = wrapper.cfbundle; includeInIndex = 0; path = slotMachineTests.xctest; sourceTree = BUILT_PRODUCTS_DIR; };
		58BA6DFB1A3D3A0C005E9F3B /* XCTest.framework */ = {isa = PBXFileReference; lastKnownFileType = wrapper.framework; name = XCTest.framework; path = Library/Frameworks/XCTest.framework; sourceTree = DEVELOPER_DIR; };
		58BA6E031A3D3A0C005E9F3B /* slotMachineTests-Info.plist */ = {isa = PBXFileReference; lastKnownFileType = text.plist.xml; path = "slotMachineTests-Info.plist"; sourceTree = "<group>"; };
		58BA6E051A3D3A0C005E9F3B /* en */ = {isa = PBXFileReference; lastKnownFileType = text.plist.strings; name = en; path = en.lproj/InfoPlist.strings; sourceTree = "<group>"; };
		58BA6E071A3D3A0C005E9F3B /* slotMachineTests.m */ = {isa = PBXFileReference; lastKnownFileType = sourcecode.c.objc; path = slotMachineTests.m; sourceTree = "<group>"; };
		58BA6E111A3D3B62005E9F3B /* LCVeticalCell.h */ = {isa = PBXFileReference; fileEncoding = 4; lastKnownFileType = sourcecode.c.h; path = LCVeticalCell.h; sourceTree = "<group>"; };
		58BA6E121A3D3B62005E9F3B /* LCVeticalCell.m */ = {isa = PBXFileReference; fileEncoding = 4; lastKnownFileType = sourcecode.c.objc; path = LCVeticalCell.m; sourceTree = "<group>"; };
		58BA6E141A3D3B78005E9F3B /* SKNode+Frame.h */ = {isa = PBXFileReference; fileEncoding = 4; lastKnownFileType = sourcecode.c.h; path = "SKNode+Frame.h"; sourceTree = "<group>"; };
		58BA6E151A3D3B78005E9F3B /* SKNode+Frame.m */ = {isa = PBXFileReference; fileEncoding = 4; lastKnownFileType = sourcecode.c.objc; path = "SKNode+Frame.m"; sourceTree = "<group>"; };
		58BA6E161A3D3B78005E9F3B /* UIView+Frame.h */ = {isa = PBXFileReference; fileEncoding = 4; lastKnownFileType = sourcecode.c.h; path = "UIView+Frame.h"; sourceTree = "<group>"; };
		58BA6E171A3D3B78005E9F3B /* UIView+Frame.m */ = {isa = PBXFileReference; fileEncoding = 4; lastKnownFileType = sourcecode.c.objc; path = "UIView+Frame.m"; sourceTree = "<group>"; };
		58BA6E1A1A3D3C40005E9F3B /* Utils.h */ = {isa = PBXFileReference; fileEncoding = 4; lastKnownFileType = sourcecode.c.h; path = Utils.h; sourceTree = "<group>"; };
		58BA6E1B1A3D3C40005E9F3B /* Utils.m */ = {isa = PBXFileReference; fileEncoding = 4; lastKnownFileType = sourcecode.c.objc; path = Utils.m; sourceTree = "<group>"; };
		58BA6E1D1A3D3C6D005E9F3B /* UIPopupView.h */ = {isa = PBXFileReference; fileEncoding = 4; lastKnownFileType = sourcecode.c.h; path = UIPopupView.h; sourceTree = "<group>"; };
		58BA6E1E1A3D3C6D005E9F3B /* UIPopupView.m */ = {isa = PBXFileReference; fileEncoding = 4; lastKnownFileType = sourcecode.c.objc; path = UIPopupView.m; sourceTree = "<group>"; };
		58BA6E1F1A3D3C6D005E9F3B /* UIBuyGoldVIew.h */ = {isa = PBXFileReference; fileEncoding = 4; lastKnownFileType = sourcecode.c.h; path = UIBuyGoldVIew.h; sourceTree = "<group>"; };
		58BA6E201A3D3C6D005E9F3B /* UIBuyGoldVIew.m */ = {isa = PBXFileReference; fileEncoding = 4; lastKnownFileType = sourcecode.c.objc; path = UIBuyGoldVIew.m; sourceTree = "<group>"; };
		58BA6E211A3D3C6D005E9F3B /* UIPayoutView.h */ = {isa = PBXFileReference; fileEncoding = 4; lastKnownFileType = sourcecode.c.h; path = UIPayoutView.h; sourceTree = "<group>"; };
		58BA6E221A3D3C6D005E9F3B /* UIPayoutView.m */ = {isa = PBXFileReference; fileEncoding = 4; lastKnownFileType = sourcecode.c.objc; path = UIPayoutView.m; sourceTree = "<group>"; };
		58BA6E231A3D3C6D005E9F3B /* BuyGoldTableViewCell.h */ = {isa = PBXFileReference; fileEncoding = 4; lastKnownFileType = sourcecode.c.h; path = BuyGoldTableViewCell.h; sourceTree = "<group>"; };
		58BA6E241A3D3C6D005E9F3B /* BuyGoldTableViewCell.m */ = {isa = PBXFileReference; fileEncoding = 4; lastKnownFileType = sourcecode.c.objc; path = BuyGoldTableViewCell.m; sourceTree = "<group>"; };
		58BA6E251A3D3C6D005E9F3B /* HistoryTableViewCell.h */ = {isa = PBXFileReference; fileEncoding = 4; lastKnownFileType = sourcecode.c.h; path = HistoryTableViewCell.h; sourceTree = "<group>"; };
		58BA6E261A3D3C6D005E9F3B /* HistoryTableViewCell.m */ = {isa = PBXFileReference; fileEncoding = 4; lastKnownFileType = sourcecode.c.objc; path = HistoryTableViewCell.m; sourceTree = "<group>"; };
		58BA6E271A3D3C6D005E9F3B /* UIHistoryView.h */ = {isa = PBXFileReference; fileEncoding = 4; lastKnownFileType = sourcecode.c.h; path = UIHistoryView.h; sourceTree = "<group>"; };
		58BA6E281A3D3C6D005E9F3B /* UIHistoryView.m */ = {isa = PBXFileReference; fileEncoding = 4; lastKnownFileType = sourcecode.c.objc; path = UIHistoryView.m; sourceTree = "<group>"; };
		58BA6E331A3D3D83005E9F3B /* bgTxtAmount@2x.png */ = {isa = PBXFileReference; lastKnownFileType = image.png; path = "bgTxtAmount@2x.png"; sourceTree = "<group>"; };
		58BA6E341A3D3D83005E9F3B /* bgTxtPaypalAcc@2x.png */ = {isa = PBXFileReference; lastKnownFileType = image.png; path = "bgTxtPaypalAcc@2x.png"; sourceTree = "<group>"; };
		58BA6E351A3D3D83005E9F3B /* bg@2x.png */ = {isa = PBXFileReference; lastKnownFileType = image.png; path = "bg@2x.png"; sourceTree = "<group>"; };
		58BA6E361A3D3D83005E9F3B /* bgRequest@2x.png */ = {isa = PBXFileReference; lastKnownFileType = image.png; path = "bgRequest@2x.png"; sourceTree = "<group>"; };
		58BA6E371A3D3D83005E9F3B /* bgBet@2x.png */ = {isa = PBXFileReference; lastKnownFileType = image.png; path = "bgBet@2x.png"; sourceTree = "<group>"; };
		58BA6E381A3D3D83005E9F3B /* bgCenterMachine@2x.png */ = {isa = PBXFileReference; lastKnownFileType = image.png; path = "bgCenterMachine@2x.png"; sourceTree = "<group>"; };
		58BA6E391A3D3D83005E9F3B /* bgHeader@2x.png */ = {isa = PBXFileReference; lastKnownFileType = image.png; path = "bgHeader@2x.png"; sourceTree = "<group>"; };
		58BA6E3A1A3D3D83005E9F3B /* bgLeft@2x.png */ = {isa = PBXFileReference; lastKnownFileType = image.png; path = "bgLeft@2x.png"; sourceTree = "<group>"; };
		58BA6E3B1A3D3D83005E9F3B /* bgMachine@2x.png */ = {isa = PBXFileReference; lastKnownFileType = image.png; path = "bgMachine@2x.png"; sourceTree = "<group>"; };
		58BA6E3C1A3D3D83005E9F3B /* bgMaxBet@2x.png */ = {isa = PBXFileReference; lastKnownFileType = image.png; path = "bgMaxBet@2x.png"; sourceTree = "<group>"; };
		58BA6E3D1A3D3D83005E9F3B /* bgMoney@2x.png */ = {isa = PBXFileReference; lastKnownFileType = image.png; path = "bgMoney@2x.png"; sourceTree = "<group>"; };
		58BA6E3E1A3D3D83005E9F3B /* bgRight@2x.png */ = {isa = PBXFileReference; lastKnownFileType = image.png; path = "bgRight@2x.png"; sourceTree = "<group>"; };
		58BA6E3F1A3D3D83005E9F3B /* bgWin@2x.png */ = {isa = PBXFileReference; lastKnownFileType = image.png; path = "bgWin@2x.png"; sourceTree = "<group>"; };
		58BA6E401A3D3D83005E9F3B /* btnBet@2x.png */ = {isa = PBXFileReference; lastKnownFileType = image.png; path = "btnBet@2x.png"; sourceTree = "<group>"; };
		58BA6E411A3D3D83005E9F3B /* btnBuy@2x.png */ = {isa = PBXFileReference; lastKnownFileType = image.png; path = "btnBuy@2x.png"; sourceTree = "<group>"; };
		58BA6E421A3D3D83005E9F3B /* btnHistory@2x.png */ = {isa = PBXFileReference; lastKnownFileType = image.png; path = "btnHistory@2x.png"; sourceTree = "<group>"; };
		58BA6E431A3D3D83005E9F3B /* btnMaxBet@2x.png */ = {isa = PBXFileReference; lastKnownFileType = image.png; path = "btnMaxBet@2x.png"; sourceTree = "<group>"; };
		58BA6E441A3D3D83005E9F3B /* btnPayout@2x.png */ = {isa = PBXFileReference; lastKnownFileType = image.png; path = "btnPayout@2x.png"; sourceTree = "<group>"; };
		58BA6E451A3D3D83005E9F3B /* btnFreeCoin@2x.png */ = {isa = PBXFileReference; lastKnownFileType = image.png; path = "btnFreeCoin@2x.png"; sourceTree = "<group>"; };
		58BA6E461A3D3D83005E9F3B /* btnShop@2x.png */ = {isa = PBXFileReference; lastKnownFileType = image.png; path = "btnShop@2x.png"; sourceTree = "<group>"; };
		58BA6E471A3D3D83005E9F3B /* btnSpin@2x.png */ = {isa = PBXFileReference; lastKnownFileType = image.png; path = "btnSpin@2x.png"; sourceTree = "<group>"; };
		58BA6E481A3D3D83005E9F3B /* Default-568h@2x.png */ = {isa = PBXFileReference; lastKnownFileType = image.png; path = "Default-568h@2x.png"; sourceTree = "<group>"; };
		58BA6E491A3D3D83005E9F3B /* jackPot0@2x.png */ = {isa = PBXFileReference; lastKnownFileType = image.png; path = "jackPot0@2x.png"; sourceTree = "<group>"; };
		58BA6E4A1A3D3D83005E9F3B /* jackPot1@2x.png */ = {isa = PBXFileReference; lastKnownFileType = image.png; path = "jackPot1@2x.png"; sourceTree = "<group>"; };
		58BA6E4B1A3D3D83005E9F3B /* jackPot2@2x.png */ = {isa = PBXFileReference; lastKnownFileType = image.png; path = "jackPot2@2x.png"; sourceTree = "<group>"; };
		58BA6E4C1A3D3D83005E9F3B /* jackPot3@2x.png */ = {isa = PBXFileReference; lastKnownFileType = image.png; path = "jackPot3@2x.png"; sourceTree = "<group>"; };
		58BA6E4D1A3D3D83005E9F3B /* btnClose@2x.png */ = {isa = PBXFileReference; lastKnownFileType = image.png; path = "btnClose@2x.png"; sourceTree = "<group>"; };
		58BA6E4E1A3D3D83005E9F3B /* bgPopupView@2x.png */ = {isa = PBXFileReference; lastKnownFileType = image.png; path = "bgPopupView@2x.png"; sourceTree = "<group>"; };
		58BA6E4F1A3D3D83005E9F3B /* bgBuyGoldCell@2x.png */ = {isa = PBXFileReference; lastKnownFileType = image.png; path = "bgBuyGoldCell@2x.png"; sourceTree = "<group>"; };
		58BA6E501A3D3D83005E9F3B /* btnBuyGold@2x.png */ = {isa = PBXFileReference; lastKnownFileType = image.png; path = "btnBuyGold@2x.png"; sourceTree = "<group>"; };
		58BA6E511A3D3D83005E9F3B /* icGold@2x.png */ = {isa = PBXFileReference; lastKnownFileType = image.png; path = "icGold@2x.png"; sourceTree = "<group>"; };
		58C358411A6428C20070A35A /* NO_DATA.jpg */ = {isa = PBXFileReference; lastKnownFileType = image.jpeg; path = NO_DATA.jpg; sourceTree = "<group>"; };
		58E3B31F1A46E140007C8EB5 /* LCNetwork.h */ = {isa = PBXFileReference; fileEncoding = 4; lastKnownFileType = sourcecode.c.h; path = LCNetwork.h; sourceTree = "<group>"; };
		58E3B3221A46F7C1007C8EB5 /* Default.plist */ = {isa = PBXFileReference; fileEncoding = 4; lastKnownFileType = text.plist.xml; path = Default.plist; sourceTree = "<group>"; };
		58EBA30F1A657C480019DAB1 /* LCShippingAddress.h */ = {isa = PBXFileReference; fileEncoding = 4; lastKnownFileType = sourcecode.c.h; path = LCShippingAddress.h; sourceTree = "<group>"; };
		58EBA3101A657C480019DAB1 /* LCShippingAddress.m */ = {isa = PBXFileReference; fileEncoding = 4; lastKnownFileType = sourcecode.c.objc; path = LCShippingAddress.m; sourceTree = "<group>"; };
		58EBA3121A6581420019DAB1 /* Oswald-Bold.ttf */ = {isa = PBXFileReference; lastKnownFileType = file; path = "Oswald-Bold.ttf"; sourceTree = "<group>"; };
		58EBA3141A6585950019DAB1 /* avantgarde-bold.ttf */ = {isa = PBXFileReference; lastKnownFileType = file; path = "avantgarde-bold.ttf"; sourceTree = "<group>"; };
		58EBA3161A6589320019DAB1 /* bgTxt@2x.png */ = {isa = PBXFileReference; lastKnownFileType = image.png; path = "bgTxt@2x.png"; sourceTree = "<group>"; };
		58EBA3181A6590030019DAB1 /* btnSubmit@2x.png */ = {isa = PBXFileReference; lastKnownFileType = image.png; path = "btnSubmit@2x.png"; sourceTree = "<group>"; };
		6E30250E1A4D01A2000A9A1C /* LCUser.h */ = {isa = PBXFileReference; fileEncoding = 4; lastKnownFileType = sourcecode.c.h; path = LCUser.h; sourceTree = "<group>"; };
		6E30250F1A4D01A3000A9A1C /* LCUser.m */ = {isa = PBXFileReference; fileEncoding = 4; lastKnownFileType = sourcecode.c.objc; path = LCUser.m; sourceTree = "<group>"; };
		6E3025111A4D0483000A9A1C /* LCRegister.h */ = {isa = PBXFileReference; fileEncoding = 4; lastKnownFileType = sourcecode.c.h; path = LCRegister.h; sourceTree = "<group>"; };
		6E3025121A4D0483000A9A1C /* LCRegister.m */ = {isa = PBXFileReference; fileEncoding = 4; lastKnownFileType = sourcecode.c.objc; path = LCRegister.m; sourceTree = "<group>"; };
		6E8B877A1A5E32AF002B960D /* LCItem.h */ = {isa = PBXFileReference; fileEncoding = 4; lastKnownFileType = sourcecode.c.h; path = LCItem.h; sourceTree = "<group>"; };
		6E8B877B1A5E32AF002B960D /* LCItem.m */ = {isa = PBXFileReference; fileEncoding = 4; lastKnownFileType = sourcecode.c.objc; path = LCItem.m; sourceTree = "<group>"; };
		6EAE18361A4BC2E100329A2F /* LCGetTablePurchaseTask.h */ = {isa = PBXFileReference; fileEncoding = 4; lastKnownFileType = sourcecode.c.h; path = LCGetTablePurchaseTask.h; sourceTree = "<group>"; };
		6EAE18371A4BC2E100329A2F /* LCGetTablePurchaseTask.m */ = {isa = PBXFileReference; fileEncoding = 4; lastKnownFileType = sourcecode.c.objc; path = LCGetTablePurchaseTask.m; sourceTree = "<group>"; };
		6EAE18391A4BF00800329A2F /* LCTablePurchase.h */ = {isa = PBXFileReference; fileEncoding = 4; lastKnownFileType = sourcecode.c.h; path = LCTablePurchase.h; sourceTree = "<group>"; };
		6EAE183A1A4BF00800329A2F /* LCTablePurchase.m */ = {isa = PBXFileReference; fileEncoding = 4; lastKnownFileType = sourcecode.c.objc; path = LCTablePurchase.m; sourceTree = "<group>"; };
		6EE9C4AE1A4AAB0C001E18E7 /* LCSetting.h */ = {isa = PBXFileReference; fileEncoding = 4; lastKnownFileType = sourcecode.c.h; path = LCSetting.h; sourceTree = "<group>"; };
		6EE9C4AF1A4AAB0C001E18E7 /* LCSetting.m */ = {isa = PBXFileReference; fileEncoding = 4; lastKnownFileType = sourcecode.c.objc; path = LCSetting.m; sourceTree = "<group>"; };
		6EE9C4B11A4AAC7E001E18E7 /* LCFileManager.h */ = {isa = PBXFileReference; fileEncoding = 4; lastKnownFileType = sourcecode.c.h; path = LCFileManager.h; sourceTree = "<group>"; };
		6EE9C4B21A4AAC7E001E18E7 /* LCFileManager.m */ = {isa = PBXFileReference; fileEncoding = 4; lastKnownFileType = sourcecode.c.objc; path = LCFileManager.m; sourceTree = "<group>"; };
		6EE9C4B41A4AB87A001E18E7 /* LCCheckVersion.h */ = {isa = PBXFileReference; fileEncoding = 4; lastKnownFileType = sourcecode.c.h; path = LCCheckVersion.h; sourceTree = "<group>"; };
		6EE9C4B51A4AB87A001E18E7 /* LCCheckVersion.m */ = {isa = PBXFileReference; fileEncoding = 4; lastKnownFileType = sourcecode.c.objc; path = LCCheckVersion.m; sourceTree = "<group>"; };
		F3D59F15945238A415CB4840 /* Pods-slotMachine.release.xcconfig */ = {isa = PBXFileReference; includeInIndex = 1; lastKnownFileType = text.xcconfig; name = "Pods-slotMachine.release.xcconfig"; path = "Pods/Target Support Files/Pods-slotMachine/Pods-slotMachine.release.xcconfig"; sourceTree = "<group>"; };
/* End PBXFileReference section */

/* Begin PBXFrameworksBuildPhase section */
		58BA6DCF1A3D3A0B005E9F3B /* Frameworks */ = {
			isa = PBXFrameworksBuildPhase;
			buildActionMask = 2147483647;
			files = (
				58BA6DD81A3D3A0B005E9F3B /* CoreGraphics.framework in Frameworks */,
				58BA6DDA1A3D3A0B005E9F3B /* UIKit.framework in Frameworks */,
				58BA6DDC1A3D3A0B005E9F3B /* SpriteKit.framework in Frameworks */,
				58BA6DD61A3D3A0B005E9F3B /* Foundation.framework in Frameworks */,
				05267D99D1C383FD5F80E314 /* libPods-slotMachine.a in Frameworks */,
			);
			runOnlyForDeploymentPostprocessing = 0;
		};
		58BA6DF71A3D3A0C005E9F3B /* Frameworks */ = {
			isa = PBXFrameworksBuildPhase;
			buildActionMask = 2147483647;
			files = (
				58BA6DFC1A3D3A0C005E9F3B /* XCTest.framework in Frameworks */,
				58BA6DFE1A3D3A0C005E9F3B /* UIKit.framework in Frameworks */,
				58BA6DFD1A3D3A0C005E9F3B /* Foundation.framework in Frameworks */,
			);
			runOnlyForDeploymentPostprocessing = 0;
		};
/* End PBXFrameworksBuildPhase section */

/* Begin PBXGroup section */
		587A71A71A432AEA008283CD /* NetWork */ = {
			isa = PBXGroup;
			children = (
				58E3B31F1A46E140007C8EB5 /* LCNetwork.h */,
				587A71B11A4338D9008283CD /* LCNetworkConfig.h */,
				587A71B21A4338D9008283CD /* LCNetworkConfig.m */,
				580CF39C1A46D0F400685841 /* LCError.h */,
				580CF39D1A46D0F400685841 /* LCError.m */,
				580CF3A11A46D4B500685841 /* LCError.strings */,
				587A71A81A432B09008283CD /* LCBaseTaskNetWork.h */,
				587A71A91A432B09008283CD /* LCBaseTaskNetWork.m */,
				587A71AB1A4334BD008283CD /* LCCheckVersionTask.h */,
				587A71AC1A4334BD008283CD /* LCCheckVersionTask.m */,
				587A71B41A433BD4008283CD /* LCRegisterTask.h */,
				587A71B51A433BD4008283CD /* LCRegisterTask.m */,
				587A71B71A433C37008283CD /* LCGetFreeCoin.h */,
				587A71B81A433C37008283CD /* LCGetFreeCoin.m */,
				587A71BA1A433CCC008283CD /* LCPurChaseTask.h */,
				587A71BB1A433CCC008283CD /* LCPurChaseTask.m */,
				6EAE18361A4BC2E100329A2F /* LCGetTablePurchaseTask.h */,
				6EAE18371A4BC2E100329A2F /* LCGetTablePurchaseTask.m */,
				587A71BD1A433DB8008283CD /* LCGetHistoryTask.h */,
				587A71BE1A433DB8008283CD /* LCGetHistoryTask.m */,
				587A71C01A433E01008283CD /* LCGetUserInfo.h */,
				587A71C11A433E01008283CD /* LCGetUserInfo.m */,
				587A71C31A433E1D008283CD /* LCDoSpin.h */,
				587A71C41A433E1D008283CD /* LCDoSpin.m */,
				587A71C61A4349C8008283CD /* LCDownloadTask.h */,
				587A71C71A4349C8008283CD /* LCDownloadTask.m */,
				5812E9F91A4C7EF400B2598E /* LCPayoutTask.h */,
				5812E9FA1A4C7EF400B2598E /* LCPayoutTask.m */,
			);
			name = NetWork;
			sourceTree = "<group>";
		};
		588BEF6C1A486E14003E0728 /* Model */ = {
			isa = PBXGroup;
			children = (
				5842319A1A48828A002E5FD5 /* LCSpin.h */,
				5842319B1A48828A002E5FD5 /* LCSpin.m */,
				6EE9C4AE1A4AAB0C001E18E7 /* LCSetting.h */,
				6EE9C4AF1A4AAB0C001E18E7 /* LCSetting.m */,
				6EE9C4B41A4AB87A001E18E7 /* LCCheckVersion.h */,
				6EE9C4B51A4AB87A001E18E7 /* LCCheckVersion.m */,
				58A837101A4B2B8400D46F8F /* LCHistory.h */,
				58A837111A4B2B8400D46F8F /* LCHistory.m */,
				6EAE18391A4BF00800329A2F /* LCTablePurchase.h */,
				6EAE183A1A4BF00800329A2F /* LCTablePurchase.m */,
				5812E9F01A4C550500B2598E /* HARegister.h */,
				5812E9F11A4C550500B2598E /* HARegister.m */,
				6E3025111A4D0483000A9A1C /* LCRegister.h */,
				6E3025121A4D0483000A9A1C /* LCRegister.m */,
				5812E9F31A4C5F4900B2598E /* HAUser.h */,
				5812E9F41A4C5F4900B2598E /* HAUser.m */,
				6E30250E1A4D01A2000A9A1C /* LCUser.h */,
				6E30250F1A4D01A3000A9A1C /* LCUser.m */,
				6E8B877A1A5E32AF002B960D /* LCItem.h */,
				6E8B877B1A5E32AF002B960D /* LCItem.m */,
			);
			name = Model;
			sourceTree = "<group>";
		};
		58BA6DC91A3D3A0B005E9F3B = {
			isa = PBXGroup;
			children = (
				58BA6DDD1A3D3A0B005E9F3B /* slotMachine */,
				58BA6E011A3D3A0C005E9F3B /* slotMachineTests */,
				58BA6DD41A3D3A0B005E9F3B /* Frameworks */,
				58BA6DD31A3D3A0B005E9F3B /* Products */,
				A8EA5BF6F34BAAAA368C51B7 /* Pods */,
			);
			sourceTree = "<group>";
		};
		58BA6DD31A3D3A0B005E9F3B /* Products */ = {
			isa = PBXGroup;
			children = (
				58BA6DD21A3D3A0B005E9F3B /* slotMachine.app */,
				58BA6DFA1A3D3A0C005E9F3B /* slotMachineTests.xctest */,
			);
			name = Products;
			sourceTree = "<group>";
		};
		58BA6DD41A3D3A0B005E9F3B /* Frameworks */ = {
			isa = PBXGroup;
			children = (
				58BA6DD51A3D3A0B005E9F3B /* Foundation.framework */,
				58BA6DD71A3D3A0B005E9F3B /* CoreGraphics.framework */,
				58BA6DD91A3D3A0B005E9F3B /* UIKit.framework */,
				58BA6DDB1A3D3A0B005E9F3B /* SpriteKit.framework */,
				58BA6DFB1A3D3A0C005E9F3B /* XCTest.framework */,
				4A4A3BB5C60432F0DD3C6DCE /* libPods-slotMachine.a */,
			);
			name = Frameworks;
			sourceTree = "<group>";
		};
		58BA6DDD1A3D3A0B005E9F3B /* slotMachine */ = {
			isa = PBXGroup;
			children = (
				587A71A71A432AEA008283CD /* NetWork */,
				588BEF6C1A486E14003E0728 /* Model */,
				58BA6DE61A3D3A0B005E9F3B /* LCAppDelegate.h */,
				58BA6DE71A3D3A0B005E9F3B /* LCAppDelegate.m */,
				587A71AE1A433547008283CD /* LCSplashViewController.h */,
				587A71AF1A433547008283CD /* LCSplashViewController.m */,
				58BA6DE91A3D3A0B005E9F3B /* Main.storyboard */,
				58BA6DEC1A3D3A0B005E9F3B /* LCViewController.h */,
				58BA6DED1A3D3A0B005E9F3B /* LCViewController.m */,
				58BA6DEF1A3D3A0B005E9F3B /* LCMyScene.h */,
				58BA6DF01A3D3A0B005E9F3B /* LCMyScene.m */,
				58BA6E111A3D3B62005E9F3B /* LCVeticalCell.h */,
				58BA6E121A3D3B62005E9F3B /* LCVeticalCell.m */,
				58BA6E141A3D3B78005E9F3B /* SKNode+Frame.h */,
				58BA6E151A3D3B78005E9F3B /* SKNode+Frame.m */,
				58BA6E161A3D3B78005E9F3B /* UIView+Frame.h */,
				58BA6E171A3D3B78005E9F3B /* UIView+Frame.m */,
				58BA6E1D1A3D3C6D005E9F3B /* UIPopupView.h */,
				58BA6E1E1A3D3C6D005E9F3B /* UIPopupView.m */,
				58BA6E1F1A3D3C6D005E9F3B /* UIBuyGoldVIew.h */,
				58BA6E201A3D3C6D005E9F3B /* UIBuyGoldVIew.m */,
				58BA6E211A3D3C6D005E9F3B /* UIPayoutView.h */,
				58BA6E221A3D3C6D005E9F3B /* UIPayoutView.m */,
				58BA6E231A3D3C6D005E9F3B /* BuyGoldTableViewCell.h */,
				58BA6E241A3D3C6D005E9F3B /* BuyGoldTableViewCell.m */,
				58BA6E251A3D3C6D005E9F3B /* HistoryTableViewCell.h */,
				58BA6E261A3D3C6D005E9F3B /* HistoryTableViewCell.m */,
				58BA6E271A3D3C6D005E9F3B /* UIHistoryView.h */,
				58BA6E281A3D3C6D005E9F3B /* UIHistoryView.m */,
				58EBA30F1A657C480019DAB1 /* LCShippingAddress.h */,
				58EBA3101A657C480019DAB1 /* LCShippingAddress.m */,
				588D8C621A66E0BF00CBA31B /* LCFreeCoinView.h */,
				588D8C631A66E0BF00CBA31B /* LCFreeCoinView.m */,
				58116EEE1A4721420099CE96 /* LCConstant.h */,
				58116EEF1A4721420099CE96 /* LCConstant.m */,
				58BA6E1A1A3D3C40005E9F3B /* Utils.h */,
				58BA6E1B1A3D3C40005E9F3B /* Utils.m */,
				58E3B3221A46F7C1007C8EB5 /* Default.plist */,
				6EE9C4B11A4AAC7E001E18E7 /* LCFileManager.h */,
				6EE9C4B21A4AAC7E001E18E7 /* LCFileManager.m */,
				58BA6DF41A3D3A0B005E9F3B /* Images.xcassets */,
				58BA6DDE1A3D3A0B005E9F3B /* Supporting Files */,
			);
			path = slotMachine;
			sourceTree = "<group>";
		};
		58BA6DDE1A3D3A0B005E9F3B /* Supporting Files */ = {
			isa = PBXGroup;
			children = (
				58339EDF1A6B9DBE008B1602 /* bgImageWin@2x.png */,
				588D8C691A66E80F00CBA31B /* btnCloseFreeCon@2x.png */,
				588D8C671A66E80800CBA31B /* btnClaim@2x.png */,
				588D8C651A66E3F800CBA31B /* bgFreeCoin@2x.png */,
				58BA6E331A3D3D83005E9F3B /* bgTxtAmount@2x.png */,
				58BA6E341A3D3D83005E9F3B /* bgTxtPaypalAcc@2x.png */,
				58EBA3161A6589320019DAB1 /* bgTxt@2x.png */,
				58BA6E351A3D3D83005E9F3B /* bg@2x.png */,
				58BA6E361A3D3D83005E9F3B /* bgRequest@2x.png */,
				58BA6E371A3D3D83005E9F3B /* bgBet@2x.png */,
				58BA6E381A3D3D83005E9F3B /* bgCenterMachine@2x.png */,
				58BA6E391A3D3D83005E9F3B /* bgHeader@2x.png */,
				58BA6E3A1A3D3D83005E9F3B /* bgLeft@2x.png */,
				58BA6E3B1A3D3D83005E9F3B /* bgMachine@2x.png */,
				58BA6E3C1A3D3D83005E9F3B /* bgMaxBet@2x.png */,
				58BA6E3D1A3D3D83005E9F3B /* bgMoney@2x.png */,
				58BA6E3E1A3D3D83005E9F3B /* bgRight@2x.png */,
				58BA6E3F1A3D3D83005E9F3B /* bgWin@2x.png */,
				58BA6E401A3D3D83005E9F3B /* btnBet@2x.png */,
				58BA6E411A3D3D83005E9F3B /* btnBuy@2x.png */,
				58BA6E421A3D3D83005E9F3B /* btnHistory@2x.png */,
				58BA6E431A3D3D83005E9F3B /* btnMaxBet@2x.png */,
				58BA6E441A3D3D83005E9F3B /* btnPayout@2x.png */,
				58BA6E451A3D3D83005E9F3B /* btnFreeCoin@2x.png */,
				58BA6E461A3D3D83005E9F3B /* btnShop@2x.png */,
				58BA6E471A3D3D83005E9F3B /* btnSpin@2x.png */,
				58EBA3181A6590030019DAB1 /* btnSubmit@2x.png */,
				58BA6E481A3D3D83005E9F3B /* Default-568h@2x.png */,
				58BA6E491A3D3D83005E9F3B /* jackPot0@2x.png */,
				58BA6E4A1A3D3D83005E9F3B /* jackPot1@2x.png */,
				58BA6E4B1A3D3D83005E9F3B /* jackPot2@2x.png */,
				58BA6E4C1A3D3D83005E9F3B /* jackPot3@2x.png */,
				58BA6E4D1A3D3D83005E9F3B /* btnClose@2x.png */,
				58BA6E4E1A3D3D83005E9F3B /* bgPopupView@2x.png */,
				58BA6E4F1A3D3D83005E9F3B /* bgBuyGoldCell@2x.png */,
				58BA6E501A3D3D83005E9F3B /* btnBuyGold@2x.png */,
				58BA6E511A3D3D83005E9F3B /* icGold@2x.png */,
				58C358411A6428C20070A35A /* NO_DATA.jpg */,
				58EBA3141A6585950019DAB1 /* avantgarde-bold.ttf */,
				58EBA3121A6581420019DAB1 /* Oswald-Bold.ttf */,
				58BA6DDF1A3D3A0B005E9F3B /* slotMachine-Info.plist */,
				58BA6DE01A3D3A0B005E9F3B /* InfoPlist.strings */,
				58BA6DE31A3D3A0B005E9F3B /* main.m */,
				58BA6DE51A3D3A0B005E9F3B /* slotMachine-Prefix.pch */,
			);
			name = "Supporting Files";
			sourceTree = "<group>";
		};
		58BA6E011A3D3A0C005E9F3B /* slotMachineTests */ = {
			isa = PBXGroup;
			children = (
				58BA6E071A3D3A0C005E9F3B /* slotMachineTests.m */,
				58BA6E021A3D3A0C005E9F3B /* Supporting Files */,
			);
			path = slotMachineTests;
			sourceTree = "<group>";
		};
		58BA6E021A3D3A0C005E9F3B /* Supporting Files */ = {
			isa = PBXGroup;
			children = (
				58BA6E031A3D3A0C005E9F3B /* slotMachineTests-Info.plist */,
				58BA6E041A3D3A0C005E9F3B /* InfoPlist.strings */,
			);
			name = "Supporting Files";
			sourceTree = "<group>";
		};
		A8EA5BF6F34BAAAA368C51B7 /* Pods */ = {
			isa = PBXGroup;
			children = (
				07477775B03E16551E79F41B /* Pods-slotMachine.debug.xcconfig */,
				F3D59F15945238A415CB4840 /* Pods-slotMachine.release.xcconfig */,
			);
			name = Pods;
			sourceTree = "<group>";
		};
/* End PBXGroup section */

/* Begin PBXNativeTarget section */
		58BA6DD11A3D3A0B005E9F3B /* slotMachine */ = {
			isa = PBXNativeTarget;
			buildConfigurationList = 58BA6E0B1A3D3A0C005E9F3B /* Build configuration list for PBXNativeTarget "slotMachine" */;
			buildPhases = (
				B327329CEBAD4847AB23FCA3 /* Check Pods Manifest.lock */,
				58BA6DCE1A3D3A0B005E9F3B /* Sources */,
				58BA6DCF1A3D3A0B005E9F3B /* Frameworks */,
				58BA6DD01A3D3A0B005E9F3B /* Resources */,
				7935E616FD8C21475417579A /* Copy Pods Resources */,
			);
			buildRules = (
			);
			dependencies = (
			);
			name = slotMachine;
			productName = slotMachine;
			productReference = 58BA6DD21A3D3A0B005E9F3B /* slotMachine.app */;
			productType = "com.apple.product-type.application";
		};
		58BA6DF91A3D3A0C005E9F3B /* slotMachineTests */ = {
			isa = PBXNativeTarget;
			buildConfigurationList = 58BA6E0E1A3D3A0C005E9F3B /* Build configuration list for PBXNativeTarget "slotMachineTests" */;
			buildPhases = (
				58BA6DF61A3D3A0C005E9F3B /* Sources */,
				58BA6DF71A3D3A0C005E9F3B /* Frameworks */,
				58BA6DF81A3D3A0C005E9F3B /* Resources */,
			);
			buildRules = (
			);
			dependencies = (
				58BA6E001A3D3A0C005E9F3B /* PBXTargetDependency */,
			);
			name = slotMachineTests;
			productName = slotMachineTests;
			productReference = 58BA6DFA1A3D3A0C005E9F3B /* slotMachineTests.xctest */;
			productType = "com.apple.product-type.bundle.unit-test";
		};
/* End PBXNativeTarget section */

/* Begin PBXProject section */
		58BA6DCA1A3D3A0B005E9F3B /* Project object */ = {
			isa = PBXProject;
			attributes = {
				CLASSPREFIX = LC;
				LastUpgradeCheck = 0510;
				ORGANIZATIONNAME = "Le Cong";
				TargetAttributes = {
					58BA6DF91A3D3A0C005E9F3B = {
						TestTargetID = 58BA6DD11A3D3A0B005E9F3B;
					};
				};
			};
			buildConfigurationList = 58BA6DCD1A3D3A0B005E9F3B /* Build configuration list for PBXProject "slotMachine" */;
			compatibilityVersion = "Xcode 3.2";
			developmentRegion = English;
			hasScannedForEncodings = 0;
			knownRegions = (
				en,
				Base,
			);
			mainGroup = 58BA6DC91A3D3A0B005E9F3B;
			productRefGroup = 58BA6DD31A3D3A0B005E9F3B /* Products */;
			projectDirPath = "";
			projectRoot = "";
			targets = (
				58BA6DD11A3D3A0B005E9F3B /* slotMachine */,
				58BA6DF91A3D3A0C005E9F3B /* slotMachineTests */,
			);
		};
/* End PBXProject section */

/* Begin PBXResourcesBuildPhase section */
		58BA6DD01A3D3A0B005E9F3B /* Resources */ = {
			isa = PBXResourcesBuildPhase;
			buildActionMask = 2147483647;
			files = (
				58BA6E6E1A3D3D83005E9F3B /* bgPopupView@2x.png in Resources */,
				58E3B3231A46F7C1007C8EB5 /* Default.plist in Resources */,
				58BA6E691A3D3D83005E9F3B /* jackPot0@2x.png in Resources */,
				58BA6E5E1A3D3D83005E9F3B /* bgRight@2x.png in Resources */,
				58BA6DE21A3D3A0B005E9F3B /* InfoPlist.strings in Resources */,
				58EBA3131A6581420019DAB1 /* Oswald-Bold.ttf in Resources */,
				58BA6E541A3D3D83005E9F3B /* bgTxtPaypalAcc@2x.png in Resources */,
				588D8C6A1A66E80F00CBA31B /* btnCloseFreeCon@2x.png in Resources */,
				58BA6E631A3D3D83005E9F3B /* btnMaxBet@2x.png in Resources */,
				58BA6E6D1A3D3D83005E9F3B /* btnClose@2x.png in Resources */,
				58BA6E6B1A3D3D83005E9F3B /* jackPot2@2x.png in Resources */,
				58BA6DF51A3D3A0B005E9F3B /* Images.xcassets in Resources */,
				58BA6E5C1A3D3D83005E9F3B /* bgMaxBet@2x.png in Resources */,
				58BA6E5F1A3D3D83005E9F3B /* bgWin@2x.png in Resources */,
				58BA6E531A3D3D83005E9F3B /* bgTxtAmount@2x.png in Resources */,
				58EBA3151A6585950019DAB1 /* avantgarde-bold.ttf in Resources */,
				58BA6E641A3D3D83005E9F3B /* btnPayout@2x.png in Resources */,
				58BA6E681A3D3D83005E9F3B /* Default-568h@2x.png in Resources */,
				58BA6E591A3D3D83005E9F3B /* bgHeader@2x.png in Resources */,
				58EBA3171A6589320019DAB1 /* bgTxt@2x.png in Resources */,
				58BA6E6C1A3D3D83005E9F3B /* jackPot3@2x.png in Resources */,
				58BA6E661A3D3D83005E9F3B /* btnShop@2x.png in Resources */,
				588D8C681A66E80800CBA31B /* btnClaim@2x.png in Resources */,
				58EBA3191A6590030019DAB1 /* btnSubmit@2x.png in Resources */,
				588D8C661A66E3F800CBA31B /* bgFreeCoin@2x.png in Resources */,
				58BA6DEB1A3D3A0B005E9F3B /* Main.storyboard in Resources */,
				58BA6E711A3D3D83005E9F3B /* icGold@2x.png in Resources */,
				580CF3A21A46D4B500685841 /* LCError.strings in Resources */,
				58BA6E561A3D3D83005E9F3B /* bgRequest@2x.png in Resources */,
				58BA6E701A3D3D83005E9F3B /* btnBuyGold@2x.png in Resources */,
				58BA6E651A3D3D83005E9F3B /* btnFreeCoin@2x.png in Resources */,
				58BA6E5B1A3D3D83005E9F3B /* bgMachine@2x.png in Resources */,
				58BA6E6A1A3D3D83005E9F3B /* jackPot1@2x.png in Resources */,
				58BA6E581A3D3D83005E9F3B /* bgCenterMachine@2x.png in Resources */,
				58C358421A6428C20070A35A /* NO_DATA.jpg in Resources */,
				58BA6E5D1A3D3D83005E9F3B /* bgMoney@2x.png in Resources */,
				58BA6E671A3D3D83005E9F3B /* btnSpin@2x.png in Resources */,
				58BA6E601A3D3D83005E9F3B /* btnBet@2x.png in Resources */,
				58BA6E5A1A3D3D83005E9F3B /* bgLeft@2x.png in Resources */,
				58BA6E551A3D3D83005E9F3B /* bg@2x.png in Resources */,
				58BA6E6F1A3D3D83005E9F3B /* bgBuyGoldCell@2x.png in Resources */,
				58BA6E611A3D3D83005E9F3B /* btnBuy@2x.png in Resources */,
				58BA6E621A3D3D83005E9F3B /* btnHistory@2x.png in Resources */,
				58339EE01A6B9DBE008B1602 /* bgImageWin@2x.png in Resources */,
				58BA6E571A3D3D83005E9F3B /* bgBet@2x.png in Resources */,
			);
			runOnlyForDeploymentPostprocessing = 0;
		};
		58BA6DF81A3D3A0C005E9F3B /* Resources */ = {
			isa = PBXResourcesBuildPhase;
			buildActionMask = 2147483647;
			files = (
				58BA6E061A3D3A0C005E9F3B /* InfoPlist.strings in Resources */,
			);
			runOnlyForDeploymentPostprocessing = 0;
		};
/* End PBXResourcesBuildPhase section */

/* Begin PBXShellScriptBuildPhase section */
		7935E616FD8C21475417579A /* Copy Pods Resources */ = {
			isa = PBXShellScriptBuildPhase;
			buildActionMask = 2147483647;
			files = (
			);
			inputPaths = (
			);
			name = "Copy Pods Resources";
			outputPaths = (
			);
			runOnlyForDeploymentPostprocessing = 0;
			shellPath = /bin/sh;
			shellScript = "\"${SRCROOT}/Pods/Target Support Files/Pods-slotMachine/Pods-slotMachine-resources.sh\"\n";
			showEnvVarsInLog = 0;
		};
		B327329CEBAD4847AB23FCA3 /* Check Pods Manifest.lock */ = {
			isa = PBXShellScriptBuildPhase;
			buildActionMask = 2147483647;
			files = (
			);
			inputPaths = (
			);
			name = "Check Pods Manifest.lock";
			outputPaths = (
			);
			runOnlyForDeploymentPostprocessing = 0;
			shellPath = /bin/sh;
			shellScript = "diff \"${PODS_ROOT}/../Podfile.lock\" \"${PODS_ROOT}/Manifest.lock\" > /dev/null\nif [[ $? != 0 ]] ; then\n    cat << EOM\nerror: The sandbox is not in sync with the Podfile.lock. Run 'pod install' or update your CocoaPods installation.\nEOM\n    exit 1\nfi\n";
			showEnvVarsInLog = 0;
		};
/* End PBXShellScriptBuildPhase section */

/* Begin PBXSourcesBuildPhase section */
		58BA6DCE1A3D3A0B005E9F3B /* Sources */ = {
			isa = PBXSourcesBuildPhase;
			buildActionMask = 2147483647;
			files = (
				58BA6DE41A3D3A0B005E9F3B /* main.m in Sources */,
				58BA6DF11A3D3A0B005E9F3B /* LCMyScene.m in Sources */,
				5842319C1A48828A002E5FD5 /* LCSpin.m in Sources */,
				5812E9FB1A4C7EF400B2598E /* LCPayoutTask.m in Sources */,
				587A71BF1A433DB8008283CD /* LCGetHistoryTask.m in Sources */,
				58BA6E2C1A3D3C6D005E9F3B /* BuyGoldTableViewCell.m in Sources */,
				5812E9F21A4C550500B2598E /* HARegister.m in Sources */,
				587A71C21A433E01008283CD /* LCGetUserInfo.m in Sources */,
				587A71C81A4349C8008283CD /* LCDownloadTask.m in Sources */,
				6E8B877C1A5E32AF002B960D /* LCItem.m in Sources */,
				6E3025101A4D01A3000A9A1C /* LCUser.m in Sources */,
				6E3025131A4D0483000A9A1C /* LCRegister.m in Sources */,
				588D8C641A66E0BF00CBA31B /* LCFreeCoinView.m in Sources */,
				58BA6DE81A3D3A0B005E9F3B /* LCAppDelegate.m in Sources */,
				5812E9F51A4C5F4900B2598E /* HAUser.m in Sources */,
				58BA6E2A1A3D3C6D005E9F3B /* UIBuyGoldVIew.m in Sources */,
				58116EF01A4721420099CE96 /* LCConstant.m in Sources */,
				587A71AA1A432B09008283CD /* LCBaseTaskNetWork.m in Sources */,
				587A71AD1A4334BD008283CD /* LCCheckVersionTask.m in Sources */,
				58BA6E1C1A3D3C40005E9F3B /* Utils.m in Sources */,
				58BA6E2B1A3D3C6D005E9F3B /* UIPayoutView.m in Sources */,
				587A71B61A433BD4008283CD /* LCRegisterTask.m in Sources */,
				587A71C51A433E1D008283CD /* LCDoSpin.m in Sources */,
				58BA6E291A3D3C6D005E9F3B /* UIPopupView.m in Sources */,
				6EAE18381A4BC2E100329A2F /* LCGetTablePurchaseTask.m in Sources */,
				6EE9C4B31A4AAC7E001E18E7 /* LCFileManager.m in Sources */,
				58BA6E191A3D3B78005E9F3B /* UIView+Frame.m in Sources */,
				587A71B31A4338D9008283CD /* LCNetworkConfig.m in Sources */,
				58BA6E181A3D3B78005E9F3B /* SKNode+Frame.m in Sources */,
				58BA6DEE1A3D3A0B005E9F3B /* LCViewController.m in Sources */,
				587A71BC1A433CCC008283CD /* LCPurChaseTask.m in Sources */,
				58BA6E2D1A3D3C6D005E9F3B /* HistoryTableViewCell.m in Sources */,
				587A71B91A433C37008283CD /* LCGetFreeCoin.m in Sources */,
				58BA6E131A3D3B62005E9F3B /* LCVeticalCell.m in Sources */,
				587A71B01A433547008283CD /* LCSplashViewController.m in Sources */,
				58A837121A4B2B8400D46F8F /* LCHistory.m in Sources */,
				580CF39E1A46D0F400685841 /* LCError.m in Sources */,
				58EBA3111A657C480019DAB1 /* LCShippingAddress.m in Sources */,
				58BA6E2E1A3D3C6D005E9F3B /* UIHistoryView.m in Sources */,
				6EAE183B1A4BF00800329A2F /* LCTablePurchase.m in Sources */,
				6EE9C4B61A4AB87A001E18E7 /* LCCheckVersion.m in Sources */,
				6EE9C4B01A4AAB0C001E18E7 /* LCSetting.m in Sources */,
			);
			runOnlyForDeploymentPostprocessing = 0;
		};
		58BA6DF61A3D3A0C005E9F3B /* Sources */ = {
			isa = PBXSourcesBuildPhase;
			buildActionMask = 2147483647;
			files = (
				58BA6E081A3D3A0C005E9F3B /* slotMachineTests.m in Sources */,
			);
			runOnlyForDeploymentPostprocessing = 0;
		};
/* End PBXSourcesBuildPhase section */

/* Begin PBXTargetDependency section */
		58BA6E001A3D3A0C005E9F3B /* PBXTargetDependency */ = {
			isa = PBXTargetDependency;
			target = 58BA6DD11A3D3A0B005E9F3B /* slotMachine */;
			targetProxy = 58BA6DFF1A3D3A0C005E9F3B /* PBXContainerItemProxy */;
		};
/* End PBXTargetDependency section */

/* Begin PBXVariantGroup section */
		58BA6DE01A3D3A0B005E9F3B /* InfoPlist.strings */ = {
			isa = PBXVariantGroup;
			children = (
				58BA6DE11A3D3A0B005E9F3B /* en */,
			);
			name = InfoPlist.strings;
			sourceTree = "<group>";
		};
		58BA6DE91A3D3A0B005E9F3B /* Main.storyboard */ = {
			isa = PBXVariantGroup;
			children = (
				58BA6DEA1A3D3A0B005E9F3B /* Base */,
			);
			name = Main.storyboard;
			sourceTree = "<group>";
		};
		58BA6E041A3D3A0C005E9F3B /* InfoPlist.strings */ = {
			isa = PBXVariantGroup;
			children = (
				58BA6E051A3D3A0C005E9F3B /* en */,
			);
			name = InfoPlist.strings;
			sourceTree = "<group>";
		};
/* End PBXVariantGroup section */

/* Begin XCBuildConfiguration section */
		58BA6E091A3D3A0C005E9F3B /* Debug */ = {
			isa = XCBuildConfiguration;
			buildSettings = {
				ALWAYS_SEARCH_USER_PATHS = NO;
				CLANG_CXX_LANGUAGE_STANDARD = "gnu++0x";
				CLANG_CXX_LIBRARY = "libc++";
				CLANG_ENABLE_MODULES = YES;
				CLANG_ENABLE_OBJC_ARC = YES;
				CLANG_WARN_BOOL_CONVERSION = YES;
				CLANG_WARN_CONSTANT_CONVERSION = YES;
				CLANG_WARN_DIRECT_OBJC_ISA_USAGE = YES_ERROR;
				CLANG_WARN_EMPTY_BODY = YES;
				CLANG_WARN_ENUM_CONVERSION = YES;
				CLANG_WARN_INT_CONVERSION = YES;
				CLANG_WARN_OBJC_ROOT_CLASS = YES_ERROR;
				CLANG_WARN__DUPLICATE_METHOD_MATCH = YES;
				"CODE_SIGN_IDENTITY[sdk=iphoneos*]" = "iPhone Developer";
				COPY_PHASE_STRIP = NO;
				GCC_C_LANGUAGE_STANDARD = gnu99;
				GCC_DYNAMIC_NO_PIC = NO;
				GCC_OPTIMIZATION_LEVEL = 0;
				GCC_PREPROCESSOR_DEFINITIONS = (
					"DEBUG=1",
					"$(inherited)",
				);
				GCC_SYMBOLS_PRIVATE_EXTERN = NO;
				GCC_WARN_64_TO_32_BIT_CONVERSION = YES;
				GCC_WARN_ABOUT_RETURN_TYPE = YES_ERROR;
				GCC_WARN_UNDECLARED_SELECTOR = YES;
				GCC_WARN_UNINITIALIZED_AUTOS = YES_AGGRESSIVE;
				GCC_WARN_UNUSED_FUNCTION = YES;
				GCC_WARN_UNUSED_VARIABLE = YES;
				IPHONEOS_DEPLOYMENT_TARGET = 7.1;
				ONLY_ACTIVE_ARCH = YES;
				SDKROOT = iphoneos;
			};
			name = Debug;
		};
		58BA6E0A1A3D3A0C005E9F3B /* Release */ = {
			isa = XCBuildConfiguration;
			buildSettings = {
				ALWAYS_SEARCH_USER_PATHS = NO;
				CLANG_CXX_LANGUAGE_STANDARD = "gnu++0x";
				CLANG_CXX_LIBRARY = "libc++";
				CLANG_ENABLE_MODULES = YES;
				CLANG_ENABLE_OBJC_ARC = YES;
				CLANG_WARN_BOOL_CONVERSION = YES;
				CLANG_WARN_CONSTANT_CONVERSION = YES;
				CLANG_WARN_DIRECT_OBJC_ISA_USAGE = YES_ERROR;
				CLANG_WARN_EMPTY_BODY = YES;
				CLANG_WARN_ENUM_CONVERSION = YES;
				CLANG_WARN_INT_CONVERSION = YES;
				CLANG_WARN_OBJC_ROOT_CLASS = YES_ERROR;
				CLANG_WARN__DUPLICATE_METHOD_MATCH = YES;
				"CODE_SIGN_IDENTITY[sdk=iphoneos*]" = "iPhone Developer";
				COPY_PHASE_STRIP = YES;
				ENABLE_NS_ASSERTIONS = NO;
				GCC_C_LANGUAGE_STANDARD = gnu99;
				GCC_WARN_64_TO_32_BIT_CONVERSION = YES;
				GCC_WARN_ABOUT_RETURN_TYPE = YES_ERROR;
				GCC_WARN_UNDECLARED_SELECTOR = YES;
				GCC_WARN_UNINITIALIZED_AUTOS = YES_AGGRESSIVE;
				GCC_WARN_UNUSED_FUNCTION = YES;
				GCC_WARN_UNUSED_VARIABLE = YES;
				IPHONEOS_DEPLOYMENT_TARGET = 7.1;
				SDKROOT = iphoneos;
				VALIDATE_PRODUCT = YES;
			};
			name = Release;
		};
		58BA6E0C1A3D3A0C005E9F3B /* Debug */ = {
			isa = XCBuildConfiguration;
			baseConfigurationReference = 07477775B03E16551E79F41B /* Pods-slotMachine.debug.xcconfig */;
			buildSettings = {
				ASSETCATALOG_COMPILER_APPICON_NAME = AppIcon;
				ASSETCATALOG_COMPILER_LAUNCHIMAGE_NAME = LaunchImage;
				GCC_PRECOMPILE_PREFIX_HEADER = YES;
				GCC_PREFIX_HEADER = "slotMachine/slotMachine-Prefix.pch";
				INFOPLIST_FILE = "slotMachine/slotMachine-Info.plist";
				IPHONEOS_DEPLOYMENT_TARGET = 7.0;
				PRODUCT_NAME = "$(TARGET_NAME)";
				SPRITEKIT_TEXTURE_ATLAS_OUTPUT = YES;
				WRAPPER_EXTENSION = app;
			};
			name = Debug;
		};
		58BA6E0D1A3D3A0C005E9F3B /* Release */ = {
			isa = XCBuildConfiguration;
			baseConfigurationReference = F3D59F15945238A415CB4840 /* Pods-slotMachine.release.xcconfig */;
			buildSettings = {
				ASSETCATALOG_COMPILER_APPICON_NAME = AppIcon;
				ASSETCATALOG_COMPILER_LAUNCHIMAGE_NAME = LaunchImage;
				GCC_PRECOMPILE_PREFIX_HEADER = YES;
				GCC_PREFIX_HEADER = "slotMachine/slotMachine-Prefix.pch";
				INFOPLIST_FILE = "slotMachine/slotMachine-Info.plist";
				IPHONEOS_DEPLOYMENT_TARGET = 7.0;
				PRODUCT_NAME = "$(TARGET_NAME)";
				SPRITEKIT_TEXTURE_ATLAS_OUTPUT = YES;
				WRAPPER_EXTENSION = app;
			};
			name = Release;
		};
		58BA6E0F1A3D3A0C005E9F3B /* Debug */ = {
			isa = XCBuildConfiguration;
			buildSettings = {
				BUNDLE_LOADER = "$(BUILT_PRODUCTS_DIR)/slotMachine.app/slotMachine";
				FRAMEWORK_SEARCH_PATHS = (
					"$(SDKROOT)/Developer/Library/Frameworks",
					"$(inherited)",
					"$(DEVELOPER_FRAMEWORKS_DIR)",
				);
				GCC_PRECOMPILE_PREFIX_HEADER = YES;
				GCC_PREFIX_HEADER = "slotMachine/slotMachine-Prefix.pch";
				GCC_PREPROCESSOR_DEFINITIONS = (
					"DEBUG=1",
					"$(inherited)",
				);
				INFOPLIST_FILE = "slotMachineTests/slotMachineTests-Info.plist";
				PRODUCT_NAME = "$(TARGET_NAME)";
				TEST_HOST = "$(BUNDLE_LOADER)";
				WRAPPER_EXTENSION = xctest;
			};
			name = Debug;
		};
		58BA6E101A3D3A0C005E9F3B /* Release */ = {
			isa = XCBuildConfiguration;
			buildSettings = {
				BUNDLE_LOADER = "$(BUILT_PRODUCTS_DIR)/slotMachine.app/slotMachine";
				FRAMEWORK_SEARCH_PATHS = (
					"$(SDKROOT)/Developer/Library/Frameworks",
					"$(inherited)",
					"$(DEVELOPER_FRAMEWORKS_DIR)",
				);
				GCC_PRECOMPILE_PREFIX_HEADER = YES;
				GCC_PREFIX_HEADER = "slotMachine/slotMachine-Prefix.pch";
				INFOPLIST_FILE = "slotMachineTests/slotMachineTests-Info.plist";
				PRODUCT_NAME = "$(TARGET_NAME)";
				TEST_HOST = "$(BUNDLE_LOADER)";
				WRAPPER_EXTENSION = xctest;
			};
			name = Release;
		};
/* End XCBuildConfiguration section */

/* Begin XCConfigurationList section */
		58BA6DCD1A3D3A0B005E9F3B /* Build configuration list for PBXProject "slotMachine" */ = {
			isa = XCConfigurationList;
			buildConfigurations = (
				58BA6E091A3D3A0C005E9F3B /* Debug */,
				58BA6E0A1A3D3A0C005E9F3B /* Release */,
			);
			defaultConfigurationIsVisible = 0;
			defaultConfigurationName = Release;
		};
		58BA6E0B1A3D3A0C005E9F3B /* Build configuration list for PBXNativeTarget "slotMachine" */ = {
			isa = XCConfigurationList;
			buildConfigurations = (
				58BA6E0C1A3D3A0C005E9F3B /* Debug */,
				58BA6E0D1A3D3A0C005E9F3B /* Release */,
			);
			defaultConfigurationIsVisible = 0;
			defaultConfigurationName = Release;
		};
		58BA6E0E1A3D3A0C005E9F3B /* Build configuration list for PBXNativeTarget "slotMachineTests" */ = {
			isa = XCConfigurationList;
			buildConfigurations = (
				58BA6E0F1A3D3A0C005E9F3B /* Debug */,
				58BA6E101A3D3A0C005E9F3B /* Release */,
			);
			defaultConfigurationIsVisible = 0;
			defaultConfigurationName = Release;
		};
/* End XCConfigurationList section */
	};
	rootObject = 58BA6DCA1A3D3A0B005E9F3B /* Project object */;
}
